# This file is automatically @generated by Poetry 1.8.5 and should not be changed by hand.

[[package]]
name = "python-ulid"
version = "3.0.0"
description = "Universally unique lexicographically sortable identifier"
optional = false
python-versions = ">=3.9"
files = [
    {file = "python_ulid-3.0.0-py3-none-any.whl", hash = "sha256:e4c4942ff50dbd79167ad01ac725ec58f924b4018025ce22c858bfcff99a5e31"},
    {file = "python_ulid-3.0.0.tar.gz", hash = "sha256:e50296a47dc8209d28629a22fc81ca26c00982c78934bd7766377ba37ea49a9f"},
]

[package.extras]
pydantic = ["pydantic (>=2.0)"]

[metadata]
lock-version = "2.0"
python-versions = "^3.12"
content-hash = "b0dc59a21c0bc9c35091277da84eebc3bcf08ca7bca95203c5cab05a2d8cede0"
